
Microsoft Visual Studio Solution File, Format Version 12.00
# Visual Studio 15
VisualStudioVersion = 15.0.28307.136
MinimumVisualStudioVersion = 10.0.40219.1
Project("{FAE04EC0-301F-11D3-BF4B-00C04F79EFBC}") = "MyBazar.Web", "MyBazar.Web\MyBazar.Web.csproj", "{4A0DDE77-324A-4022-A4A6-2F523963D751}"
EndProject
Project("{FAE04EC0-301F-11D3-BF4B-00C04F79EFBC}") = "MyBazar.Entities", "MyBazar.Entities\MyBazar.Entities.csproj", "{90F93D04-29C4-4FEC-8302-545628414B60}"
EndProject
Project("{FAE04EC0-301F-11D3-BF4B-00C04F79EFBC}") = "MyBazar.Database", "MyBazar.Database\MyBazar.Database.csproj", "{73AB96FB-3109-4DC0-94A6-5C9B94BD44D2}"
EndProject
Project("{FAE04EC0-301F-11D3-BF4B-00C04F79EFBC}") = "MyBazar.Services", "MyBazar.Services\MyBazar.Services.csproj", "{06064D19-D7AB-42EA-A21B-65D4B8D996E0}"
EndProject
Global
	GlobalSection(SolutionConfigurationPlatforms) = preSolution
		Debug|Any CPU = Debug|Any CPU
		Release|Any CPU = Release|Any CPU
	EndGlobalSection
	GlobalSection(ProjectConfigurationPlatforms) = postSolution
		{4A0DDE77-324A-4022-A4A6-2F523963D751}.Debug|Any CPU.ActiveCfg = Debug|Any CPU
		{4A0DDE77-324A-4022-A4A6-2F523963D751}.Debug|Any CPU.Build.0 = Debug|Any CPU
		{4A0DDE77-324A-4022-A4A6-2F523963D751}.Release|Any CPU.ActiveCfg = Release|Any CPU
		{4A0DDE77-324A-4022-A4A6-2F523963D751}.Release|Any CPU.Build.0 = Release|Any CPU
		{90F93D04-29C4-4FEC-8302-545628414B60}.Debug|Any CPU.ActiveCfg = Debug|Any CPU
		{90F93D04-29C4-4FEC-8302-545628414B60}.Debug|Any CPU.Build.0 = Debug|Any CPU
		{90F93D04-29C4-4FEC-8302-545628414B60}.Release|Any CPU.ActiveCfg = Release|Any CPU
		{90F93D04-29C4-4FEC-8302-545628414B60}.Release|Any CPU.Build.0 = Release|Any CPU
		{73AB96FB-3109-4DC0-94A6-5C9B94BD44D2}.Debug|Any CPU.ActiveCfg = Debug|Any CPU
		{73AB96FB-3109-4DC0-94A6-5C9B94BD44D2}.Debug|Any CPU.Build.0 = Debug|Any CPU
		{73AB96FB-3109-4DC0-94A6-5C9B94BD44D2}.Release|Any CPU.ActiveCfg = Release|Any CPU
		{73AB96FB-3109-4DC0-94A6-5C9B94BD44D2}.Release|Any CPU.Build.0 = Release|Any CPU
		{06064D19-D7AB-42EA-A21B-65D4B8D996E0}.Debug|Any CPU.ActiveCfg = Debug|Any CPU
		{06064D19-D7AB-42EA-A21B-65D4B8D996E0}.Debug|Any CPU.Build.0 = Debug|Any CPU
		{06064D19-D7AB-42EA-A21B-65D4B8D996E0}.Release|Any CPU.ActiveCfg = Release|Any CPU
		{06064D19-D7AB-42EA-A21B-65D4B8D996E0}.Release|Any CPU.Build.0 = Release|Any CPU
	EndGlobalSection
	GlobalSection(SolutionProperties) = preSolution
		HideSolutionNode = FALSE
	EndGlobalSection
	GlobalSection(ExtensibilityGlobals) = postSolution
		SolutionGuid = {49195A47-0CFD-4B7A-990D-CC3203436360}
	EndGlobalSection
EndGlobal
